
Microsoft Visual Studio Solution File, Format Version 12.00
# Visual Studio Version 17
VisualStudioVersion = 17.14.36518.9 d17.14
MinimumVisualStudioVersion = 10.0.40219.1
Project("{FAE04EC0-301F-11D3-BF4B-00C04F79EFBC}") = "RentalManagement", "RentalManagement\RentalManagement.csproj", "{D1B1820D-1A4A-480C-AAAE-862753E9D27D}"
EndProject
Global
	GlobalSection(SolutionConfigurationPlatforms) = preSolution
		Debug|Any CPU = Debug|Any CPU
		Release|Any CPU = Release|Any CPU
	EndGlobalSection
	GlobalSection(ProjectConfigurationPlatforms) = postSolution
		{D1B1820D-1A4A-480C-AAAE-862753E9D27D}.Debug|Any CPU.ActiveCfg = Debug|Any CPU
		{D1B1820D-1A4A-480C-AAAE-862753E9D27D}.Debug|Any CPU.Build.0 = Debug|Any CPU
		{D1B1820D-1A4A-480C-AAAE-862753E9D27D}.Release|Any CPU.ActiveCfg = Release|Any CPU
		{D1B1820D-1A4A-480C-AAAE-862753E9D27D}.Release|Any CPU.Build.0 = Release|Any CPU
	EndGlobalSection
	GlobalSection(SolutionProperties) = preSolution
		HideSolutionNode = FALSE
	EndGlobalSection
	GlobalSection(ExtensibilityGlobals) = postSolution
		SolutionGuid = {F07D474B-42F0-4CFA-9A51-95C80FE7CB01}
	EndGlobalSection
EndGlobal
